
Microsoft Visual Studio Solution File, Format Version 12.00
# Visual Studio Version 17
VisualStudioVersion = 17.13.35931.197 d17.13
MinimumVisualStudioVersion = 10.0.40219.1
Project("{8BC9CEB8-8B4A-11D0-8D11-00A0C91BC942}") = "CBOPESY_Week6_MCO1", "CBOPESY_Week6_MCO1.vcxproj", "{3E1CF1FB-2DC9-4270-BC67-A2766F856F04}"
EndProject
Global
	GlobalSection(SolutionConfigurationPlatforms) = preSolution
		Debug|x64 = Debug|x64
		Debug|x86 = Debug|x86
		Release|x64 = Release|x64
		Release|x86 = Release|x86
	EndGlobalSection
	GlobalSection(ProjectConfigurationPlatforms) = postSolution
		{3E1CF1FB-2DC9-4270-BC67-A2766F856F04}.Debug|x64.ActiveCfg = Debug|x64
		{3E1CF1FB-2DC9-4270-BC67-A2766F856F04}.Debug|x64.Build.0 = Debug|x64
		{3E1CF1FB-2DC9-4270-BC67-A2766F856F04}.Debug|x86.ActiveCfg = Debug|Win32
		{3E1CF1FB-2DC9-4270-BC67-A2766F856F04}.Debug|x86.Build.0 = Debug|Win32
		{3E1CF1FB-2DC9-4270-BC67-A2766F856F04}.Release|x64.ActiveCfg = Release|x64
		{3E1CF1FB-2DC9-4270-BC67-A2766F856F04}.Release|x64.Build.0 = Release|x64
		{3E1CF1FB-2DC9-4270-BC67-A2766F856F04}.Release|x86.ActiveCfg = Release|Win32
		{3E1CF1FB-2DC9-4270-BC67-A2766F856F04}.Release|x86.Build.0 = Release|Win32
	EndGlobalSection
	GlobalSection(SolutionProperties) = preSolution
		HideSolutionNode = FALSE
	EndGlobalSection
	GlobalSection(ExtensibilityGlobals) = postSolution
		SolutionGuid = {67C83110-0A69-4310-B527-A9C5D2F6101A}
	EndGlobalSection
EndGlobal
